
Microsoft Visual Studio Solution File, Format Version 12.00
# Visual Studio Version 17
VisualStudioVersion = 17.7.34024.191
MinimumVisualStudioVersion = 10.0.40219.1
Project("{FAE04EC0-301F-11D3-BF4B-00C04F79EFBC}") = "Application", "Application.csproj", "{06F1E96C-82CD-4C73-83F1-03E709F7C05B}"
EndProject
Global
	GlobalSection(SolutionConfigurationPlatforms) = preSolution
		Debug|Any CPU = Debug|Any CPU
		Release|Any CPU = Release|Any CPU
	EndGlobalSection
	GlobalSection(ProjectConfigurationPlatforms) = postSolution
		{06F1E96C-82CD-4C73-83F1-03E709F7C05B}.Debug|Any CPU.ActiveCfg = Debug|Any CPU
		{06F1E96C-82CD-4C73-83F1-03E709F7C05B}.Debug|Any CPU.Build.0 = Debug|Any CPU
		{06F1E96C-82CD-4C73-83F1-03E709F7C05B}.Release|Any CPU.ActiveCfg = Release|Any CPU
		{06F1E96C-82CD-4C73-83F1-03E709F7C05B}.Release|Any CPU.Build.0 = Release|Any CPU
	EndGlobalSection
	GlobalSection(SolutionProperties) = preSolution
		HideSolutionNode = FALSE
	EndGlobalSection
	GlobalSection(ExtensibilityGlobals) = postSolution
		SolutionGuid = {D042D268-5605-4363-B39C-69BA87D417F3}
	EndGlobalSection
EndGlobal
